{
    "_readme": [
        "This file locks the dependencies of your project to a known state",
        "Read more about it at http://getcomposer.org/doc/01-basic-usage.md#composer-lock-the-lock-file"
    ],
    "hash": "e2d3c58d974eb04f7b0d7490cb9808ef",
    "packages": [
        {
            "name": "cakedc/search",
            "version": "dev-develop",
            "source": {
                "type": "git",
                "url": "https://github.com/CakeDC/search.git",
                "reference": "75e21485c6c0b22ae1515517aa90e80484206f62"
            },
            "dist": {
                "type": "zip",
                "url": "https://api.github.com/repos/CakeDC/search/zipball/75e21485c6c0b22ae1515517aa90e80484206f62",
                "reference": "75e21485c6c0b22ae1515517aa90e80484206f62",
                "shasum": ""
            },
            "require": {
                "composer/installers": "*",
                "php": ">=5.3.0"
            },
            "type": "cakephp-plugin",
            "extra": {
                "installer-name": "Search"
            },
            "notification-url": "https://packagist.org/downloads/",
            "license": [
                "MIT"
            ],
            "authors": [
                {
                    "name": "Cake Development Corporation",
                    "email": "team@cakedc.com",
                    "homepage": "http://cakedc.com"
                }
            ],
            "description": "Search Plugin for CakePHP",
            "homepage": "http://github.com/CakeDC/search",
            "keywords": [
                "cakephp",
                "filter",
                "post-redirect-get",
                "prg",
                "search"
            ],
            "time": "2014-05-23 13:03:58"
        },
        {
            "name": "composer/installers",
            "version": "v1.0.13",
            "source": {
                "type": "git",
                "url": "https://github.com/composer/installers.git",
                "reference": "26d37e307f9aa6e2e81806a6525666f8ab5ba0ff"
            },
            "dist": {
                "type": "zip",
                "url": "https://api.github.com/repos/composer/installers/zipball/26d37e307f9aa6e2e81806a6525666f8ab5ba0ff",
                "reference": "26d37e307f9aa6e2e81806a6525666f8ab5ba0ff",
                "shasum": ""
            },
            "replace": {
                "shama/baton": "*"
            },
            "require-dev": {
                "composer/composer": "1.0.*@dev",
                "phpunit/phpunit": "3.7.*"
            },
            "type": "composer-installer",
            "extra": {
                "class": "Composer\\Installers\\Installer",
                "branch-alias": {
                    "dev-master": "1.0-dev"
                }
            },
            "autoload": {
                "psr-0": {
                    "Composer\\Installers\\": "src/"
                }
            },
            "notification-url": "https://packagist.org/downloads/",
            "license": [
                "MIT"
            ],
            "authors": [
                {
                    "name": "Kyle Robinson Young",
                    "email": "kyle@dontkry.com",
                    "homepage": "http://dontkry.com",
                    "role": "Developer"
                }
            ],
            "description": "A multi-framework Composer library installer",
            "homepage": "http://composer.github.com/installers/",
            "keywords": [
                "Craft",
                "Hurad",
                "MODX Evo",
                "OXID",
                "WolfCMS",
                "agl",
                "annotatecms",
                "cakephp",
                "codeigniter",
                "concrete5",
                "croogo",
                "drupal",
                "elgg",
                "fuelphp",
                "installer",
                "joomla",
                "kohana",
                "laravel",
                "lithium",
                "magento",
                "mako",
                "mediawiki",
                "modulework",
                "phpbb",
                "piwik",
                "ppi",
                "shopware",
                "silverstripe",
                "symfony",
                "typo3",
                "wordpress",
                "zend",
                "zikula"
            ],
            "time": "2014-04-09 16:12:43"
        },
        {
            "name": "markstory/asset_compress",
            "version": "dev-master",
            "source": {
                "type": "git",
                "url": "https://github.com/markstory/asset_compress.git",
                "reference": "3d6548a7ff26367e00a3247f93cf06e83e0988ea"
            },
            "dist": {
                "type": "zip",
                "url": "https://api.github.com/repos/markstory/asset_compress/zipball/3d6548a7ff26367e00a3247f93cf06e83e0988ea",
                "reference": "3d6548a7ff26367e00a3247f93cf06e83e0988ea",
                "shasum": ""
            },
            "require": {
                "composer/installers": "*",
                "php": ">=5.3.0"
            },
            "type": "cakephp-plugin",
            "notification-url": "https://packagist.org/downloads/",
            "license": [
                "MIT"
            ],
            "authors": [
                {
                    "name": "Mark Story",
                    "homepage": "http://mark-story.com",
                    "role": "Author"
                }
            ],
            "description": "An asset compression plugin for CakePHP. Provides file concatenation and a flexible filter system for preprocessing and minification.",
            "homepage": "https://github.com/markstory/asset_compress",
            "keywords": [
                "assets",
                "cakephp",
                "coffee-script",
                "less",
                "minifier",
                "sass"
            ],
            "time": "2014-05-04 02:22:57"
        },
        {
            "name": "mjohnson/transit",
            "version": "1.5.1",
            "source": {
                "type": "git",
                "url": "https://github.com/milesj/transit.git",
                "reference": "01fb3d8300fb4be58370979083404e37eee75afc"
            },
            "dist": {
                "type": "zip",
                "url": "https://api.github.com/repos/milesj/transit/zipball/01fb3d8300fb4be58370979083404e37eee75afc",
                "reference": "01fb3d8300fb4be58370979083404e37eee75afc",
                "shasum": ""
            },
            "require": {
                "ext-curl": "*",
                "ext-fileinfo": "*",
                "ext-mbstring": "*",
                "php": ">=5.3.3"
            },
            "require-dev": {
                "aws/aws-sdk-php": "*",
                "ext-exif": "*",
                "rackspace/php-opencloud": "*"
            },
            "suggest": {
                "aws/aws-sdk-php": "Upload files to Amazon S3 and Glacier",
                "ext-exif": "Extract exif data from images",
                "ext-gd": "Enable the GD library for image transforming",
                "rackspace/php-opencloud": "Upload files to RackSpace OpenCloud"
            },
            "type": "library",
            "autoload": {
                "psr-0": {
                    "Transit": "src/"
                }
            },
            "notification-url": "https://packagist.org/downloads/",
            "license": [
                "MIT"
            ],
            "authors": [
                {
                    "name": "Miles Johnson",
                    "homepage": "http://milesj.me"
                }
            ],
            "description": "A file uploader with support for validation, image transformation and remote transportation.",
            "homepage": "http://milesj.me/code/php/transit",
            "keywords": [
                "application",
                "archive",
                "audio",
                "cloud",
                "cloudfiles",
                "exif",
                "file",
                "glacier",
                "image",
                "importer",
                "opencloud",
                "rackspace",
                "s3",
                "text",
                "transformer",
                "transit",
                "transporter",
                "uploader",
                "validator",
                "video"
            ],
            "time": "2014-03-31 01:15:36"
        },
        {
            "name": "mjohnson/uploader",
            "version": "dev-master",
            "source": {
                "type": "git",
                "url": "https://github.com/milesj/uploader.git",
                "reference": "53df04eab1fc39c0d1d7b1d30e25df8ab05f3734"
            },
            "dist": {
                "type": "zip",
                "url": "https://api.github.com/repos/milesj/uploader/zipball/53df04eab1fc39c0d1d7b1d30e25df8ab05f3734",
                "reference": "53df04eab1fc39c0d1d7b1d30e25df8ab05f3734",
                "shasum": ""
            },
            "require": {
                "composer/installers": "*",
                "ext-curl": "*",
                "ext-fileinfo": "*",
                "ext-mbstring": "*",
                "mjohnson/transit": "~1.5",
                "php": ">=5.3.3"
            },
            "suggest": {
                "aws/aws-sdk-php": "~2.2",
                "ext-exif": "Extract exif data from images",
                "ext-gd": "Enable the GD library for image transforming"
            },
            "type": "cakephp-plugin",
            "notification-url": "https://packagist.org/downloads/",
            "license": [
                "MIT"
            ],
            "authors": [
                {
                    "name": "Miles Johnson",
                    "homepage": "http://milesj.me"
                }
            ],
            "description": "File uploader and validation plugin for CakePHP.",
            "homepage": "http://milesj.me/code/cakephp/uploader",
            "keywords": [
                "attachment",
                "cakephp",
                "file",
                "plugin",
                "uploader",
                "validation"
            ],
            "time": "2014-05-23 17:34:05"
        },
        {
            "name": "mjohnson/utility",
            "version": "dev-master",
            "source": {
                "type": "git",
                "url": "https://github.com/milesj/utility.git",
                "reference": "6bfe0742c5f4fea3439b3478e79651dcd6125146"
            },
            "dist": {
                "type": "zip",
                "url": "https://api.github.com/repos/milesj/utility/zipball/6bfe0742c5f4fea3439b3478e79651dcd6125146",
                "reference": "6bfe0742c5f4fea3439b3478e79651dcd6125146",
                "shasum": ""
            },
            "require": {
                "composer/installers": "*",
                "ext-mbstring": "*",
                "php": ">=5.3.0"
            },
            "suggest": {
                "mjohnson/decoda": "Enable Decoda for BBCode parsing in the DecodaHelper",
                "titon/utility": "Enable Titon to parse feeds in FeedSource and process AJAX in the AjaxHandlerComponent"
            },
            "type": "cakephp-plugin",
            "notification-url": "https://packagist.org/downloads/",
            "license": [
                "MIT"
            ],
            "authors": [
                {
                    "name": "Miles Johnson",
                    "homepage": "http://milesj.me"
                }
            ],
            "description": "A collection of CakePHP utility libraries.",
            "homepage": "http://milesj.me/code/cakephp/utility",
            "keywords": [
                "Behavior",
                "Sitemap",
                "aggregator",
                "ajax-handler",
                "auto-login",
                "bbcode",
                "cache-kill",
                "cacheable",
                "cakephp",
                "component",
                "controller",
                "convertable",
                "datasource",
                "decoda",
                "enumerable",
                "feed",
                "filterable",
                "helper",
                "markup",
                "model",
                "open-graph",
                "plugin",
                "shell",
                "sluggable",
                "spam-blocker",
                "utility",
                "validateable"
            ],
            "time": "2014-05-22 02:13:35"
        },
        {
            "name": "nervo/yuicompressor",
            "version": "dev-master",
            "source": {
                "type": "git",
                "url": "https://github.com/nervo/yuicompressor.git",
                "reference": "e6e3b215c3998cf6092613c002ae533ae75d7ada"
            },
            "dist": {
                "type": "zip",
                "url": "https://api.github.com/repos/nervo/yuicompressor/zipball/e6e3b215c3998cf6092613c002ae533ae75d7ada",
                "reference": "e6e3b215c3998cf6092613c002ae533ae75d7ada",
                "shasum": ""
            },
            "type": "library",
            "notification-url": "https://packagist.org/downloads/",
            "license": [
                "BSD"
            ],
            "description": "YUI Compressor is an open source tool that supports the compression of both JavaScript and CSS files. The JavaScript compression removes comments and white-spaces as well as obfuscates local variables using the smallest possible variable name. CSS compression is done using a regular-expression-based CSS minifier.",
            "homepage": "https://github.com/yui/yuicompressor",
            "keywords": [
                "java",
                "yui"
            ],
            "time": "2013-09-13 10:26:14"
        }
    ],
    "packages-dev": [

    ],
    "aliases": [

    ],
    "minimum-stability": "stable",
    "stability-flags": {
        "cakedc/search": 20,
        "markstory/asset_compress": 20,
        "mjohnson/uploader": 20,
        "mjohnson/utility": 20,
        "nervo/yuicompressor": 20
    },
    "platform": [

    ],
    "platform-dev": [

    ]
}
